{
  "nodes": {
    "flake-utils": {
      "locked": {
        "lastModified": 1656065134,
        "narHash": "sha256-oc6E6ByIw3oJaIyc67maaFcnjYOz1mMcOtHxbEf9NwQ=",
        "owner": "numtide",
        "repo": "flake-utils",
        "rev": "bee6a7250dd1b01844a2de7e02e4df7d8a0a206c",
        "type": "github"
      },
      "original": {
        "owner": "numtide",
        "repo": "flake-utils",
        "type": "github"
      }
    },
    "flake-utils_2": {
      "locked": {
        "lastModified": 1656065134,
        "narHash": "sha256-oc6E6ByIw3oJaIyc67maaFcnjYOz1mMcOtHxbEf9NwQ=",
        "owner": "numtide",
        "repo": "flake-utils",
        "rev": "bee6a7250dd1b01844a2de7e02e4df7d8a0a206c",
        "type": "github"
      },
      "original": {
        "owner": "numtide",
        "repo": "flake-utils",
        "type": "github"
      }
    },
    "flake-utils_3": {
      "locked": {
        "lastModified": 1656065134,
        "narHash": "sha256-oc6E6ByIw3oJaIyc67maaFcnjYOz1mMcOtHxbEf9NwQ=",
        "owner": "numtide",
        "repo": "flake-utils",
        "rev": "bee6a7250dd1b01844a2de7e02e4df7d8a0a206c",
        "type": "github"
      },
      "original": {
        "owner": "numtide",
        "repo": "flake-utils",
        "type": "github"
      }
    },
    "gomod2nix": {
      "inputs": {
        "nixpkgs": "nixpkgs",
        "utils": "utils"
      },
      "locked": {
        "lastModified": 1655245309,
        "narHash": "sha256-d/YPoQ/vFn1+GTmSdvbSBSTOai61FONxB4+Lt6w/IVI=",
        "owner": "tweag",
        "repo": "gomod2nix",
        "rev": "40d32f82fc60d66402eb0972e6e368aeab3faf58",
        "type": "github"
      },
      "original": {
        "owner": "tweag",
        "repo": "gomod2nix",
        "type": "github"
      }
    },
    "gomod2nix_2": {
      "inputs": {
        "nixpkgs": "nixpkgs_2",
        "utils": "utils_2"
      },
      "locked": {
        "lastModified": 1655245309,
        "narHash": "sha256-d/YPoQ/vFn1+GTmSdvbSBSTOai61FONxB4+Lt6w/IVI=",
        "owner": "tweag",
        "repo": "gomod2nix",
        "rev": "40d32f82fc60d66402eb0972e6e368aeab3faf58",
        "type": "github"
      },
      "original": {
        "owner": "tweag",
        "repo": "gomod2nix",
        "type": "github"
      }
    },
    "gomod2nix_3": {
      "inputs": {
        "nixpkgs": "nixpkgs_5",
        "utils": "utils_3"
      },
      "locked": {
        "lastModified": 1655245309,
        "narHash": "sha256-d/YPoQ/vFn1+GTmSdvbSBSTOai61FONxB4+Lt6w/IVI=",
        "owner": "tweag",
        "repo": "gomod2nix",
        "rev": "40d32f82fc60d66402eb0972e6e368aeab3faf58",
        "type": "github"
      },
      "original": {
        "owner": "tweag",
        "repo": "gomod2nix",
        "type": "github"
      }
    },
    "googleapis": {
      "flake": false,
      "locked": {
        "lastModified": 1656420194,
        "narHash": "sha256-i07ZPERc6+S0rKdewaqoILTTyuvIT/5JrmlBtEPMEHo=",
        "owner": "googleapis",
        "repo": "googleapis",
        "rev": "a4761d58517fd9f9fe3fcf3d398ed2b2cf4ad9ae",
        "type": "github"
      },
      "original": {
        "owner": "googleapis",
        "repo": "googleapis",
        "type": "github"
      }
    },
    "grpc-gateway": {
      "inputs": {
        "flake-utils": "flake-utils_2",
        "gomod2nix": "gomod2nix_2",
        "grpc-gateway-src": "grpc-gateway-src",
        "nixpkgs": "nixpkgs_3"
      },
      "locked": {
        "lastModified": 1656419138,
        "narHash": "sha256-RrURfI7jV21pT55mZJ0uP/q/lt60Mm/yLsSgZD6ts0k=",
        "owner": "thegergo02",
        "repo": "grpc-gateway-flake",
        "rev": "4159bf2b63561cc58ac970c08f91a3aa5fc824bf",
        "type": "github"
      },
      "original": {
        "owner": "thegergo02",
        "repo": "grpc-gateway-flake",
        "type": "github"
      }
    },
    "grpc-gateway-src": {
      "flake": false,
      "locked": {
        "lastModified": 1631061135,
        "narHash": "sha256-PfLMvuHe/bsO3mmnqDQTd16kH39jKHNwlVDPoJh1I2c=",
        "ref": "refs/tags/v2.6.0",
        "rev": "f60dfa5c7b5fc2ce944f7625b551a63f8c4ea93e",
        "revCount": 1657,
        "type": "git",
        "url": "https://github.com/grpc-ecosystem/grpc-gateway"
      },
      "original": {
        "ref": "refs/tags/v2.6.0",
        "type": "git",
        "url": "https://github.com/grpc-ecosystem/grpc-gateway"
      }
    },
    "nixpkgs": {
      "locked": {
        "lastModified": 1653581809,
        "narHash": "sha256-Uvka0V5MTGbeOfWte25+tfRL3moECDh1VwokWSZUdoY=",
        "owner": "NixOS",
        "repo": "nixpkgs",
        "rev": "83658b28fe638a170a19b8933aa008b30640fbd1",
        "type": "github"
      },
      "original": {
        "owner": "NixOS",
        "ref": "nixos-unstable",
        "repo": "nixpkgs",
        "type": "github"
      }
    },
    "nixpkgs_2": {
      "locked": {
        "lastModified": 1653581809,
        "narHash": "sha256-Uvka0V5MTGbeOfWte25+tfRL3moECDh1VwokWSZUdoY=",
        "owner": "NixOS",
        "repo": "nixpkgs",
        "rev": "83658b28fe638a170a19b8933aa008b30640fbd1",
        "type": "github"
      },
      "original": {
        "owner": "NixOS",
        "ref": "nixos-unstable",
        "repo": "nixpkgs",
        "type": "github"
      }
    },
    "nixpkgs_3": {
      "locked": {
        "lastModified": 1656032109,
        "narHash": "sha256-yVpOG/FDHQa8hzhTGoLFgplTCDH/+ydYsF7Mc3pMQfk=",
        "owner": "nixos",
        "repo": "nixpkgs",
        "rev": "902d91def1efbea804f5158e5999cb113cedf04b",
        "type": "github"
      },
      "original": {
        "owner": "nixos",
        "ref": "nixos-21.11",
        "repo": "nixpkgs",
        "type": "github"
      }
    },
    "nixpkgs_4": {
      "locked": {
        "lastModified": 1656122851,
        "narHash": "sha256-fUXK49Hp6oktAZz42+VPDXa+/9FpzICnEKWhh4zqr30=",
        "owner": "nixos",
        "repo": "nixpkgs",
        "rev": "891016b5cf1998ea84852adac52c65c5ccd3e802",
        "type": "github"
      },
      "original": {
        "owner": "nixos",
        "ref": "nixos-21.11",
        "repo": "nixpkgs",
        "type": "github"
      }
    },
    "nixpkgs_5": {
      "locked": {
        "lastModified": 1653581809,
        "narHash": "sha256-Uvka0V5MTGbeOfWte25+tfRL3moECDh1VwokWSZUdoY=",
        "owner": "NixOS",
        "repo": "nixpkgs",
        "rev": "83658b28fe638a170a19b8933aa008b30640fbd1",
        "type": "github"
      },
      "original": {
        "owner": "NixOS",
        "ref": "nixos-unstable",
        "repo": "nixpkgs",
        "type": "github"
      }
    },
    "nixpkgs_6": {
      "locked": {
        "lastModified": 1656032109,
        "narHash": "sha256-yVpOG/FDHQa8hzhTGoLFgplTCDH/+ydYsF7Mc3pMQfk=",
        "owner": "nixos",
        "repo": "nixpkgs",
        "rev": "902d91def1efbea804f5158e5999cb113cedf04b",
        "type": "github"
      },
      "original": {
        "owner": "nixos",
        "ref": "nixos-21.11",
        "repo": "nixpkgs",
        "type": "github"
      }
    },
    "protoc-gen-validate": {
      "inputs": {
        "flake-utils": "flake-utils_3",
        "gomod2nix": "gomod2nix_3",
        "nixpkgs": "nixpkgs_6",
        "protoc-gen-validate-src": "protoc-gen-validate-src"
      },
      "locked": {
        "lastModified": 1656321052,
        "narHash": "sha256-LUuRzdLCaHnMN4U5xiCpWy5/FpAK2JHupYiG5rZC86E=",
        "owner": "thegergo02",
        "repo": "protoc-gen-validate-flake",
        "rev": "a28de8a47852f0fc02fd7af3093e921a190fc86a",
        "type": "github"
      },
      "original": {
        "owner": "thegergo02",
        "repo": "protoc-gen-validate-flake",
        "type": "github"
      }
    },
    "protoc-gen-validate-src": {
      "flake": false,
      "locked": {
        "lastModified": 1633024163,
        "narHash": "sha256-hV9rxI1jks/qd3nA30wYulHLHNJaez9Dqz3H3WqMwJY=",
        "ref": "refs/tags/v0.6.2",
        "rev": "8c0f6372216272771488d63323787e86377aefe0",
        "revCount": 225,
        "type": "git",
        "url": "https://github.com/envoyproxy/protoc-gen-validate"
      },
      "original": {
        "ref": "refs/tags/v0.6.2",
        "type": "git",
        "url": "https://github.com/envoyproxy/protoc-gen-validate"
      }
    },
    "root": {
      "inputs": {
        "flake-utils": "flake-utils",
        "gomod2nix": "gomod2nix",
        "googleapis": "googleapis",
        "grpc-gateway": "grpc-gateway",
        "nixpkgs": "nixpkgs_4",
        "protoc-gen-validate": "protoc-gen-validate",
        "zitadel-src": "zitadel-src"
      }
    },
    "utils": {
      "locked": {
        "lastModified": 1653893745,
        "narHash": "sha256-0jntwV3Z8//YwuOjzhV2sgJJPt+HY6KhU7VZUL0fKZQ=",
        "owner": "numtide",
        "repo": "flake-utils",
        "rev": "1ed9fb1935d260de5fe1c2f7ee0ebaae17ed2fa1",
        "type": "github"
      },
      "original": {
        "owner": "numtide",
        "repo": "flake-utils",
        "type": "github"
      }
    },
    "utils_2": {
      "locked": {
        "lastModified": 1653893745,
        "narHash": "sha256-0jntwV3Z8//YwuOjzhV2sgJJPt+HY6KhU7VZUL0fKZQ=",
        "owner": "numtide",
        "repo": "flake-utils",
        "rev": "1ed9fb1935d260de5fe1c2f7ee0ebaae17ed2fa1",
        "type": "github"
      },
      "original": {
        "owner": "numtide",
        "repo": "flake-utils",
        "type": "github"
      }
    },
    "utils_3": {
      "locked": {
        "lastModified": 1653893745,
        "narHash": "sha256-0jntwV3Z8//YwuOjzhV2sgJJPt+HY6KhU7VZUL0fKZQ=",
        "owner": "numtide",
        "repo": "flake-utils",
        "rev": "1ed9fb1935d260de5fe1c2f7ee0ebaae17ed2fa1",
        "type": "github"
      },
      "original": {
        "owner": "numtide",
        "repo": "flake-utils",
        "type": "github"
      }
    },
    "zitadel-src": {
      "flake": false,
      "locked": {
        "lastModified": 1656325954,
        "narHash": "sha256-tqRSFaDsbXaSW/JKPDVWVQroAQRVfyt8JO6BAeW/2w4=",
        "ref": "refs/tags/v2.0.0-v2-alpha.33",
        "rev": "12d4d3ea0b9c4347659424401377aae330e86551",
        "revCount": 1528,
        "type": "git",
        "url": "https://github.com/zitadel/zitadel"
      },
      "original": {
        "ref": "refs/tags/v2.0.0-v2-alpha.33",
        "type": "git",
        "url": "https://github.com/zitadel/zitadel"
      }
    }
  },
  "root": "root",
  "version": 7
}
